{
  "meteor": {
    "git": "https://github.com/meteor/meteor.git",
    "branch": "master",
    "commit": "8e2cd47c388250dca862d9333604c1946d985e0e"
  },
  "dependencies": {
    "basePackages": {
      "iron-router": {},
      "bootstrap-3": {},
      "meteor-metro-ui": {
        "git": "https://github.com/gogromat/meteor-metro-ui.git",
        "branch": "master"
      }
    },
    "packages": {
      "iron-router": {
        "git": "https://github.com/EventedMind/iron-router.git",
        "tag": "v0.5.4",
        "commit": "3e0e22ff85630b7503d0daa1538c6d90abb84020"
      },
      "bootstrap-3": {
        "git": "https://github.com/mangasocial/meteor-bootstrap-3.git",
        "tag": "v0.3.5",
        "commit": "47996f67f3987c9f82117394effcbe1586a4fe29"
      },
      "meteor-metro-ui": {
        "git": "https://github.com/gogromat/meteor-metro-ui.git",
        "branch": "master",
        "commit": "23e653164fd989203a0f5f30d281f6fe98217dd9"
      }
    }
  }
}
